
Microsoft Visual Studio Solution File, Format Version 12.00
# Visual Studio Version 17
VisualStudioVersion = 17.4.33213.308
MinimumVisualStudioVersion = 10.0.40219.1
Project("{888888A0-9F3D-457C-B088-3A5042F75D52}") = "Face_recog", "Face_recog\Face_recog.pyproj", "{9BCDBED5-F14A-42AB-AFF5-41F879866014}"
EndProject
Global
	GlobalSection(SolutionConfigurationPlatforms) = preSolution
		Debug|Any CPU = Debug|Any CPU
		Release|Any CPU = Release|Any CPU
	EndGlobalSection
	GlobalSection(ProjectConfigurationPlatforms) = postSolution
		{9BCDBED5-F14A-42AB-AFF5-41F879866014}.Debug|Any CPU.ActiveCfg = Debug|Any CPU
		{9BCDBED5-F14A-42AB-AFF5-41F879866014}.Release|Any CPU.ActiveCfg = Release|Any CPU
	EndGlobalSection
	GlobalSection(SolutionProperties) = preSolution
		HideSolutionNode = FALSE
	EndGlobalSection
	GlobalSection(ExtensibilityGlobals) = postSolution
		SolutionGuid = {0D9DBF4E-DA92-4EB1-AC4A-7CD4326723F9}
	EndGlobalSection
EndGlobal
